
Microsoft Visual Studio Solution File, Format Version 12.00
# Visual Studio Version 17
VisualStudioVersion = 17.13.35919.96
MinimumVisualStudioVersion = 10.0.40219.1
Project("{2150E333-8FDC-42A3-9474-1A3956D46DE8}") = "Services", "Services", "{02EA681E-C7D8-13C7-8484-4AC65E1B71E8}"
EndProject
Project("{2150E333-8FDC-42A3-9474-1A3956D46DE8}") = "Catalog", "Catalog", "{2D482821-889F-4F3E-B2B3-384A765EABFD}"
EndProject
Project("{FAE04EC0-301F-11D3-BF4B-00C04F79EFBC}") = "Catalog.API", "Services\Catalog\Catalog.API\Catalog.API.csproj", "{3FEC2BF3-15FB-47D8-8682-E5BE41DA3744}"
EndProject
Project("{FAE04EC0-301F-11D3-BF4B-00C04F79EFBC}") = "BuildingBlocks", "BuildingBlocks\BuildingBlocks\BuildingBlocks.csproj", "{6E7E435F-1589-DC76-9E72-AAA8CDEA1B17}"
EndProject
Global
	GlobalSection(SolutionConfigurationPlatforms) = preSolution
		Debug|Any CPU = Debug|Any CPU
		Release|Any CPU = Release|Any CPU
	EndGlobalSection
	GlobalSection(ProjectConfigurationPlatforms) = postSolution
		{3FEC2BF3-15FB-47D8-8682-E5BE41DA3744}.Debug|Any CPU.ActiveCfg = Debug|Any CPU
		{3FEC2BF3-15FB-47D8-8682-E5BE41DA3744}.Debug|Any CPU.Build.0 = Debug|Any CPU
		{3FEC2BF3-15FB-47D8-8682-E5BE41DA3744}.Release|Any CPU.ActiveCfg = Release|Any CPU
		{3FEC2BF3-15FB-47D8-8682-E5BE41DA3744}.Release|Any CPU.Build.0 = Release|Any CPU
		{6E7E435F-1589-DC76-9E72-AAA8CDEA1B17}.Debug|Any CPU.ActiveCfg = Debug|Any CPU
		{6E7E435F-1589-DC76-9E72-AAA8CDEA1B17}.Debug|Any CPU.Build.0 = Debug|Any CPU
		{6E7E435F-1589-DC76-9E72-AAA8CDEA1B17}.Release|Any CPU.ActiveCfg = Release|Any CPU
		{6E7E435F-1589-DC76-9E72-AAA8CDEA1B17}.Release|Any CPU.Build.0 = Release|Any CPU
	EndGlobalSection
	GlobalSection(SolutionProperties) = preSolution
		HideSolutionNode = FALSE
	EndGlobalSection
	GlobalSection(NestedProjects) = preSolution
		{2D482821-889F-4F3E-B2B3-384A765EABFD} = {02EA681E-C7D8-13C7-8484-4AC65E1B71E8}
		{3FEC2BF3-15FB-47D8-8682-E5BE41DA3744} = {2D482821-889F-4F3E-B2B3-384A765EABFD}
	EndGlobalSection
	GlobalSection(ExtensibilityGlobals) = postSolution
		SolutionGuid = {82B14B60-040D-4F35-A88E-B92B6B811D18}
	EndGlobalSection
EndGlobal
